
Microsoft Visual Studio Solution File, Format Version 12.00
# Visual Studio 15
VisualStudioVersion = 15.0.27703.2018
MinimumVisualStudioVersion = 10.0.40219.1
Project("{FAE04EC0-301F-11D3-BF4B-00C04F79EFBC}") = "AntPanelApplication", "AntPanelApplication.csproj", "{3F380295-EAE6-4BE7-9825-28361F55B2D1}"
EndProject
Project("{FAE04EC0-301F-11D3-BF4B-00C04F79EFBC}") = "CommonInterface", "CommonInterface\CommonInterface.csproj", "{B5D2C592-B7DD-4436-AA49-D0C0401AE32D}"
EndProject
Project("{FAE04EC0-301F-11D3-BF4B-00C04F79EFBC}") = "FileExplorer", "Plugins\FileExplorer\FileExplorer.csproj", "{9FC45785-BAB0-4D73-A877-CD217D28B812}"
EndProject
Project("{FAE04EC0-301F-11D3-BF4B-00C04F79EFBC}") = "FlashDevelop", "..\..\..\..\GitHub\Flasdevelop\flashdevelop.5.3.4\flashdevelop\FlashDevelop\FlashDevelop.csproj", "{EFD07485-9A64-4EEC-94E7-ACBD4DA5CA93}"
EndProject
Project("{FAE04EC0-301F-11D3-BF4B-00C04F79EFBC}") = "PluginCore", "..\..\..\..\GitHub\Flasdevelop\flashdevelop.5.3.4\flashdevelop\PluginCore\PluginCore.csproj", "{61885F70-B4DC-4B44-852D-5D6D03F2A734}"
EndProject
Project("{2150E333-8FDC-42A3-9474-1A3956D46DE8}") = "Flashdevelop5.3.4", "Flashdevelop5.3.4", "{3B4BDE4D-4CBF-409C-98DA-0B36B3D9F91E}"
EndProject
Project("{FAE04EC0-301F-11D3-BF4B-00C04F79EFBC}") = "AzukiEditor", "..\CommonControls\AzukiEditor\AzukiEditor.csproj", "{29D8FB27-F23F-495B-9E8B-21D04074BDB8}"
EndProject
Project("{FAE04EC0-301F-11D3-BF4B-00C04F79EFBC}") = "FlashPanel", "..\CommonControls\FlashPanel\FlashPanel.csproj", "{B4FE9934-959B-42CB-B53C-C97596F3161B}"
EndProject
Project("{FAE04EC0-301F-11D3-BF4B-00C04F79EFBC}") = "JsonViewerPanel", "..\CommonControls\JsonViewerPanel\JsonViewerPanel.csproj", "{09D77647-D017-4A23-BF35-4B408F2BE347}"
EndProject
Project("{FAE04EC0-301F-11D3-BF4B-00C04F79EFBC}") = "ListViewPanel", "..\CommonControls\ListViewPanel\ListViewPanel.csproj", "{BCA5097F-2329-4B6F-B7E0-C84066241C80}"
EndProject
Project("{FAE04EC0-301F-11D3-BF4B-00C04F79EFBC}") = "OpenGLPanel", "..\CommonControls\OpenGLPanel\OpenGLPanel.csproj", "{0BB74617-B52D-425F-8453-BEAE09792EB4}"
EndProject
Project("{FAE04EC0-301F-11D3-BF4B-00C04F79EFBC}") = "PDFPanel", "..\CommonControls\PDFPanel\PDFPanel.csproj", "{F7155282-01F3-42E9-A700-184FDA477EFA}"
EndProject
Project("{FAE04EC0-301F-11D3-BF4B-00C04F79EFBC}") = "PlayerPanel", "..\CommonControls\PlayerPanel\PlayerPanel.csproj", "{88478B90-F02E-43D4-AC77-22FCD9C1CBF5}"
EndProject
Project("{FAE04EC0-301F-11D3-BF4B-00C04F79EFBC}") = "ReoGridPanel", "..\CommonControls\ReoGridPanel\ReoGridPanel.csproj", "{41119CFB-0C5F-4E26-85E7-C743C05C1BD8}"
EndProject
Project("{FAE04EC0-301F-11D3-BF4B-00C04F79EFBC}") = "TreeGridViewPanel", "..\CommonControls\TreeGridViewPanel\TreeGridViewPanel.csproj", "{83E68345-AD65-47E8-B212-25547EA471DC}"
EndProject
Project("{2150E333-8FDC-42A3-9474-1A3956D46DE8}") = "CustomControl", "CustomControl", "{FABD2E96-243F-4D7A-90E2-92B9EB835D27}"
EndProject
Global
	GlobalSection(SolutionConfigurationPlatforms) = preSolution
		Debug|Any CPU = Debug|Any CPU
		Debug|x86 = Debug|x86
		Release|Any CPU = Release|Any CPU
		Release|x86 = Release|x86
	EndGlobalSection
	GlobalSection(ProjectConfigurationPlatforms) = postSolution
		{3F380295-EAE6-4BE7-9825-28361F55B2D1}.Debug|Any CPU.ActiveCfg = Debug|Any CPU
		{3F380295-EAE6-4BE7-9825-28361F55B2D1}.Debug|Any CPU.Build.0 = Debug|Any CPU
		{3F380295-EAE6-4BE7-9825-28361F55B2D1}.Debug|x86.ActiveCfg = Debug|Any CPU
		{3F380295-EAE6-4BE7-9825-28361F55B2D1}.Debug|x86.Build.0 = Debug|Any CPU
		{3F380295-EAE6-4BE7-9825-28361F55B2D1}.Release|Any CPU.ActiveCfg = Release|Any CPU
		{3F380295-EAE6-4BE7-9825-28361F55B2D1}.Release|Any CPU.Build.0 = Release|Any CPU
		{3F380295-EAE6-4BE7-9825-28361F55B2D1}.Release|x86.ActiveCfg = Release|Any CPU
		{3F380295-EAE6-4BE7-9825-28361F55B2D1}.Release|x86.Build.0 = Release|Any CPU
		{B5D2C592-B7DD-4436-AA49-D0C0401AE32D}.Debug|Any CPU.ActiveCfg = Debug|Any CPU
		{B5D2C592-B7DD-4436-AA49-D0C0401AE32D}.Debug|Any CPU.Build.0 = Debug|Any CPU
		{B5D2C592-B7DD-4436-AA49-D0C0401AE32D}.Debug|x86.ActiveCfg = Debug|Any CPU
		{B5D2C592-B7DD-4436-AA49-D0C0401AE32D}.Debug|x86.Build.0 = Debug|Any CPU
		{B5D2C592-B7DD-4436-AA49-D0C0401AE32D}.Release|Any CPU.ActiveCfg = Release|Any CPU
		{B5D2C592-B7DD-4436-AA49-D0C0401AE32D}.Release|Any CPU.Build.0 = Release|Any CPU
		{B5D2C592-B7DD-4436-AA49-D0C0401AE32D}.Release|x86.ActiveCfg = Release|Any CPU
		{B5D2C592-B7DD-4436-AA49-D0C0401AE32D}.Release|x86.Build.0 = Release|Any CPU
		{9FC45785-BAB0-4D73-A877-CD217D28B812}.Debug|Any CPU.ActiveCfg = Debug|Any CPU
		{9FC45785-BAB0-4D73-A877-CD217D28B812}.Debug|Any CPU.Build.0 = Debug|Any CPU
		{9FC45785-BAB0-4D73-A877-CD217D28B812}.Debug|x86.ActiveCfg = Debug|Any CPU
		{9FC45785-BAB0-4D73-A877-CD217D28B812}.Debug|x86.Build.0 = Debug|Any CPU
		{9FC45785-BAB0-4D73-A877-CD217D28B812}.Release|Any CPU.ActiveCfg = Release|Any CPU
		{9FC45785-BAB0-4D73-A877-CD217D28B812}.Release|Any CPU.Build.0 = Release|Any CPU
		{9FC45785-BAB0-4D73-A877-CD217D28B812}.Release|x86.ActiveCfg = Release|Any CPU
		{9FC45785-BAB0-4D73-A877-CD217D28B812}.Release|x86.Build.0 = Release|Any CPU
		{EFD07485-9A64-4EEC-94E7-ACBD4DA5CA93}.Debug|Any CPU.ActiveCfg = Debug|Any CPU
		{EFD07485-9A64-4EEC-94E7-ACBD4DA5CA93}.Debug|Any CPU.Build.0 = Debug|Any CPU
		{EFD07485-9A64-4EEC-94E7-ACBD4DA5CA93}.Debug|x86.ActiveCfg = Debug|x86
		{EFD07485-9A64-4EEC-94E7-ACBD4DA5CA93}.Debug|x86.Build.0 = Debug|x86
		{EFD07485-9A64-4EEC-94E7-ACBD4DA5CA93}.Release|Any CPU.ActiveCfg = Release|Any CPU
		{EFD07485-9A64-4EEC-94E7-ACBD4DA5CA93}.Release|Any CPU.Build.0 = Release|Any CPU
		{EFD07485-9A64-4EEC-94E7-ACBD4DA5CA93}.Release|x86.ActiveCfg = Release|x86
		{EFD07485-9A64-4EEC-94E7-ACBD4DA5CA93}.Release|x86.Build.0 = Release|x86
		{61885F70-B4DC-4B44-852D-5D6D03F2A734}.Debug|Any CPU.ActiveCfg = Debug|Any CPU
		{61885F70-B4DC-4B44-852D-5D6D03F2A734}.Debug|Any CPU.Build.0 = Debug|Any CPU
		{61885F70-B4DC-4B44-852D-5D6D03F2A734}.Debug|x86.ActiveCfg = Debug|x86
		{61885F70-B4DC-4B44-852D-5D6D03F2A734}.Debug|x86.Build.0 = Debug|x86
		{61885F70-B4DC-4B44-852D-5D6D03F2A734}.Release|Any CPU.ActiveCfg = Release|Any CPU
		{61885F70-B4DC-4B44-852D-5D6D03F2A734}.Release|Any CPU.Build.0 = Release|Any CPU
		{61885F70-B4DC-4B44-852D-5D6D03F2A734}.Release|x86.ActiveCfg = Release|x86
		{61885F70-B4DC-4B44-852D-5D6D03F2A734}.Release|x86.Build.0 = Release|x86
		{29D8FB27-F23F-495B-9E8B-21D04074BDB8}.Debug|Any CPU.ActiveCfg = Debug|Any CPU
		{29D8FB27-F23F-495B-9E8B-21D04074BDB8}.Debug|Any CPU.Build.0 = Debug|Any CPU
		{29D8FB27-F23F-495B-9E8B-21D04074BDB8}.Debug|x86.ActiveCfg = Debug|Any CPU
		{29D8FB27-F23F-495B-9E8B-21D04074BDB8}.Debug|x86.Build.0 = Debug|Any CPU
		{29D8FB27-F23F-495B-9E8B-21D04074BDB8}.Release|Any CPU.ActiveCfg = Release|Any CPU
		{29D8FB27-F23F-495B-9E8B-21D04074BDB8}.Release|Any CPU.Build.0 = Release|Any CPU
		{29D8FB27-F23F-495B-9E8B-21D04074BDB8}.Release|x86.ActiveCfg = Release|Any CPU
		{29D8FB27-F23F-495B-9E8B-21D04074BDB8}.Release|x86.Build.0 = Release|Any CPU
		{B4FE9934-959B-42CB-B53C-C97596F3161B}.Debug|Any CPU.ActiveCfg = Debug|Any CPU
		{B4FE9934-959B-42CB-B53C-C97596F3161B}.Debug|Any CPU.Build.0 = Debug|Any CPU
		{B4FE9934-959B-42CB-B53C-C97596F3161B}.Debug|x86.ActiveCfg = Debug|Any CPU
		{B4FE9934-959B-42CB-B53C-C97596F3161B}.Debug|x86.Build.0 = Debug|Any CPU
		{B4FE9934-959B-42CB-B53C-C97596F3161B}.Release|Any CPU.ActiveCfg = Release|Any CPU
		{B4FE9934-959B-42CB-B53C-C97596F3161B}.Release|Any CPU.Build.0 = Release|Any CPU
		{B4FE9934-959B-42CB-B53C-C97596F3161B}.Release|x86.ActiveCfg = Release|Any CPU
		{B4FE9934-959B-42CB-B53C-C97596F3161B}.Release|x86.Build.0 = Release|Any CPU
		{09D77647-D017-4A23-BF35-4B408F2BE347}.Debug|Any CPU.ActiveCfg = Debug|Any CPU
		{09D77647-D017-4A23-BF35-4B408F2BE347}.Debug|Any CPU.Build.0 = Debug|Any CPU
		{09D77647-D017-4A23-BF35-4B408F2BE347}.Debug|x86.ActiveCfg = Debug|Any CPU
		{09D77647-D017-4A23-BF35-4B408F2BE347}.Debug|x86.Build.0 = Debug|Any CPU
		{09D77647-D017-4A23-BF35-4B408F2BE347}.Release|Any CPU.ActiveCfg = Release|Any CPU
		{09D77647-D017-4A23-BF35-4B408F2BE347}.Release|Any CPU.Build.0 = Release|Any CPU
		{09D77647-D017-4A23-BF35-4B408F2BE347}.Release|x86.ActiveCfg = Release|Any CPU
		{09D77647-D017-4A23-BF35-4B408F2BE347}.Release|x86.Build.0 = Release|Any CPU
		{BCA5097F-2329-4B6F-B7E0-C84066241C80}.Debug|Any CPU.ActiveCfg = Debug|Any CPU
		{BCA5097F-2329-4B6F-B7E0-C84066241C80}.Debug|Any CPU.Build.0 = Debug|Any CPU
		{BCA5097F-2329-4B6F-B7E0-C84066241C80}.Debug|x86.ActiveCfg = Debug|Any CPU
		{BCA5097F-2329-4B6F-B7E0-C84066241C80}.Debug|x86.Build.0 = Debug|Any CPU
		{BCA5097F-2329-4B6F-B7E0-C84066241C80}.Release|Any CPU.ActiveCfg = Release|Any CPU
		{BCA5097F-2329-4B6F-B7E0-C84066241C80}.Release|Any CPU.Build.0 = Release|Any CPU
		{BCA5097F-2329-4B6F-B7E0-C84066241C80}.Release|x86.ActiveCfg = Release|Any CPU
		{BCA5097F-2329-4B6F-B7E0-C84066241C80}.Release|x86.Build.0 = Release|Any CPU
		{0BB74617-B52D-425F-8453-BEAE09792EB4}.Debug|Any CPU.ActiveCfg = Debug|Any CPU
		{0BB74617-B52D-425F-8453-BEAE09792EB4}.Debug|Any CPU.Build.0 = Debug|Any CPU
		{0BB74617-B52D-425F-8453-BEAE09792EB4}.Debug|x86.ActiveCfg = Debug|Any CPU
		{0BB74617-B52D-425F-8453-BEAE09792EB4}.Debug|x86.Build.0 = Debug|Any CPU
		{0BB74617-B52D-425F-8453-BEAE09792EB4}.Release|Any CPU.ActiveCfg = Release|Any CPU
		{0BB74617-B52D-425F-8453-BEAE09792EB4}.Release|Any CPU.Build.0 = Release|Any CPU
		{0BB74617-B52D-425F-8453-BEAE09792EB4}.Release|x86.ActiveCfg = Release|Any CPU
		{0BB74617-B52D-425F-8453-BEAE09792EB4}.Release|x86.Build.0 = Release|Any CPU
		{F7155282-01F3-42E9-A700-184FDA477EFA}.Debug|Any CPU.ActiveCfg = Debug|Any CPU
		{F7155282-01F3-42E9-A700-184FDA477EFA}.Debug|Any CPU.Build.0 = Debug|Any CPU
		{F7155282-01F3-42E9-A700-184FDA477EFA}.Debug|x86.ActiveCfg = Debug|Any CPU
		{F7155282-01F3-42E9-A700-184FDA477EFA}.Debug|x86.Build.0 = Debug|Any CPU
		{F7155282-01F3-42E9-A700-184FDA477EFA}.Release|Any CPU.ActiveCfg = Release|Any CPU
		{F7155282-01F3-42E9-A700-184FDA477EFA}.Release|Any CPU.Build.0 = Release|Any CPU
		{F7155282-01F3-42E9-A700-184FDA477EFA}.Release|x86.ActiveCfg = Release|Any CPU
		{F7155282-01F3-42E9-A700-184FDA477EFA}.Release|x86.Build.0 = Release|Any CPU
		{88478B90-F02E-43D4-AC77-22FCD9C1CBF5}.Debug|Any CPU.ActiveCfg = Debug|Any CPU
		{88478B90-F02E-43D4-AC77-22FCD9C1CBF5}.Debug|Any CPU.Build.0 = Debug|Any CPU
		{88478B90-F02E-43D4-AC77-22FCD9C1CBF5}.Debug|x86.ActiveCfg = Debug|Any CPU
		{88478B90-F02E-43D4-AC77-22FCD9C1CBF5}.Debug|x86.Build.0 = Debug|Any CPU
		{88478B90-F02E-43D4-AC77-22FCD9C1CBF5}.Release|Any CPU.ActiveCfg = Release|Any CPU
		{88478B90-F02E-43D4-AC77-22FCD9C1CBF5}.Release|Any CPU.Build.0 = Release|Any CPU
		{88478B90-F02E-43D4-AC77-22FCD9C1CBF5}.Release|x86.ActiveCfg = Release|Any CPU
		{88478B90-F02E-43D4-AC77-22FCD9C1CBF5}.Release|x86.Build.0 = Release|Any CPU
		{41119CFB-0C5F-4E26-85E7-C743C05C1BD8}.Debug|Any CPU.ActiveCfg = Debug|Any CPU
		{41119CFB-0C5F-4E26-85E7-C743C05C1BD8}.Debug|Any CPU.Build.0 = Debug|Any CPU
		{41119CFB-0C5F-4E26-85E7-C743C05C1BD8}.Debug|x86.ActiveCfg = Debug|Any CPU
		{41119CFB-0C5F-4E26-85E7-C743C05C1BD8}.Debug|x86.Build.0 = Debug|Any CPU
		{41119CFB-0C5F-4E26-85E7-C743C05C1BD8}.Release|Any CPU.ActiveCfg = Release|Any CPU
		{41119CFB-0C5F-4E26-85E7-C743C05C1BD8}.Release|Any CPU.Build.0 = Release|Any CPU
		{41119CFB-0C5F-4E26-85E7-C743C05C1BD8}.Release|x86.ActiveCfg = Release|Any CPU
		{41119CFB-0C5F-4E26-85E7-C743C05C1BD8}.Release|x86.Build.0 = Release|Any CPU
		{83E68345-AD65-47E8-B212-25547EA471DC}.Debug|Any CPU.ActiveCfg = Debug|Any CPU
		{83E68345-AD65-47E8-B212-25547EA471DC}.Debug|Any CPU.Build.0 = Debug|Any CPU
		{83E68345-AD65-47E8-B212-25547EA471DC}.Debug|x86.ActiveCfg = Debug|Any CPU
		{83E68345-AD65-47E8-B212-25547EA471DC}.Debug|x86.Build.0 = Debug|Any CPU
		{83E68345-AD65-47E8-B212-25547EA471DC}.Release|Any CPU.ActiveCfg = Release|Any CPU
		{83E68345-AD65-47E8-B212-25547EA471DC}.Release|Any CPU.Build.0 = Release|Any CPU
		{83E68345-AD65-47E8-B212-25547EA471DC}.Release|x86.ActiveCfg = Release|Any CPU
		{83E68345-AD65-47E8-B212-25547EA471DC}.Release|x86.Build.0 = Release|Any CPU
	EndGlobalSection
	GlobalSection(SolutionProperties) = preSolution
		HideSolutionNode = FALSE
	EndGlobalSection
	GlobalSection(NestedProjects) = preSolution
		{EFD07485-9A64-4EEC-94E7-ACBD4DA5CA93} = {3B4BDE4D-4CBF-409C-98DA-0B36B3D9F91E}
		{61885F70-B4DC-4B44-852D-5D6D03F2A734} = {3B4BDE4D-4CBF-409C-98DA-0B36B3D9F91E}
		{29D8FB27-F23F-495B-9E8B-21D04074BDB8} = {FABD2E96-243F-4D7A-90E2-92B9EB835D27}
		{B4FE9934-959B-42CB-B53C-C97596F3161B} = {FABD2E96-243F-4D7A-90E2-92B9EB835D27}
		{09D77647-D017-4A23-BF35-4B408F2BE347} = {FABD2E96-243F-4D7A-90E2-92B9EB835D27}
		{BCA5097F-2329-4B6F-B7E0-C84066241C80} = {FABD2E96-243F-4D7A-90E2-92B9EB835D27}
		{0BB74617-B52D-425F-8453-BEAE09792EB4} = {FABD2E96-243F-4D7A-90E2-92B9EB835D27}
		{F7155282-01F3-42E9-A700-184FDA477EFA} = {FABD2E96-243F-4D7A-90E2-92B9EB835D27}
		{88478B90-F02E-43D4-AC77-22FCD9C1CBF5} = {FABD2E96-243F-4D7A-90E2-92B9EB835D27}
		{41119CFB-0C5F-4E26-85E7-C743C05C1BD8} = {FABD2E96-243F-4D7A-90E2-92B9EB835D27}
		{83E68345-AD65-47E8-B212-25547EA471DC} = {FABD2E96-243F-4D7A-90E2-92B9EB835D27}
	EndGlobalSection
	GlobalSection(ExtensibilityGlobals) = postSolution
		SolutionGuid = {3C8D271A-ACC6-43F0-A7DE-C18697A18E99}
	EndGlobalSection
EndGlobal
