
Microsoft Visual Studio Solution File, Format Version 12.00
# Visual Studio 15
VisualStudioVersion = 15.0.27703.2018
MinimumVisualStudioVersion = 10.0.40219.1
Project("{FAE04EC0-301F-11D3-BF4B-00C04F79EFBC}") = "AntPanelApplication", "AntPanelApplication.csproj", "{0CA60893-568D-442D-B8F4-D52049F1B36B}"
EndProject
Global
	GlobalSection(SolutionConfigurationPlatforms) = preSolution
		Debug|Any CPU = Debug|Any CPU
		Release|Any CPU = Release|Any CPU
	EndGlobalSection
	GlobalSection(ProjectConfigurationPlatforms) = postSolution
		{0CA60893-568D-442D-B8F4-D52049F1B36B}.Debug|Any CPU.ActiveCfg = Debug|Any CPU
		{0CA60893-568D-442D-B8F4-D52049F1B36B}.Debug|Any CPU.Build.0 = Debug|Any CPU
		{0CA60893-568D-442D-B8F4-D52049F1B36B}.Release|Any CPU.ActiveCfg = Release|Any CPU
		{0CA60893-568D-442D-B8F4-D52049F1B36B}.Release|Any CPU.Build.0 = Release|Any CPU
	EndGlobalSection
	GlobalSection(SolutionProperties) = preSolution
		HideSolutionNode = FALSE
	EndGlobalSection
	GlobalSection(ExtensibilityGlobals) = postSolution
		SolutionGuid = {3C8D271A-ACC6-43F0-A7DE-C18697A18E99}
	EndGlobalSection
EndGlobal
